
Microsoft Visual Studio Solution File, Format Version 12.00
Project("{FAE04EC0-301F-11D3-BF4B-00C04F79EFBC}") = "tp2", "tp2\tp2.csproj", "{9BDF89C8-7FC9-4802-BE36-6520A357CC99}"
EndProject
Global
	GlobalSection(SolutionConfigurationPlatforms) = preSolution
		Debug|Any CPU = Debug|Any CPU
		Release|Any CPU = Release|Any CPU
	EndGlobalSection
	GlobalSection(ProjectConfigurationPlatforms) = postSolution
		{9BDF89C8-7FC9-4802-BE36-6520A357CC99}.Debug|Any CPU.ActiveCfg = Debug|Any CPU
		{9BDF89C8-7FC9-4802-BE36-6520A357CC99}.Debug|Any CPU.Build.0 = Debug|Any CPU
		{9BDF89C8-7FC9-4802-BE36-6520A357CC99}.Release|Any CPU.ActiveCfg = Release|Any CPU
		{9BDF89C8-7FC9-4802-BE36-6520A357CC99}.Release|Any CPU.Build.0 = Release|Any CPU
	EndGlobalSection
EndGlobal
